{
  "name": "water-risk-check",
  "version": "1.0.0",
  "lockfileVersion": 3,
  "requires": true,
  "packages": {
    "": {
      "name": "water-risk-check",
      "version": "1.0.0",
      "license": "MIT",
      "dependencies": {
        "@turf/area": "^7.1.0",
        "@turf/buffer": "^7.1.0",
        "@turf/difference": "^7.1.0",
        "@turf/helpers": "^7.1.0",
        "@turf/intersect": "^7.1.0",
        "@turf/points-within-polygon": "^7.1.0"
      }
    },
    "node_modules/@turf/area": {
      "version": "7.1.0",
      "resolved": "https://registry.npmjs.org/@turf/area/-/area-7.1.0.tgz",
      "integrity": "sha512-w91FEe02/mQfMPRX2pXua48scFuKJ2dSVMF2XmJ6+BJfFiCPxp95I3+Org8+ZsYv93CDNKbf0oLNEPnuQdgs2g==",
      "dependencies": {
        "@turf/helpers": "^7.1.0",
        "@turf/meta": "^7.1.0",
        "@types/geojson": "^7946.0.10",
        "tslib": "^2.6.2"
      },
      "funding": {
        "url": "https://opencollective.com/turf"
      }
    },
    "node_modules/@turf/bbox": {
      "version": "7.1.0",
      "resolved": "https://registry.npmjs.org/@turf/bbox/-/bbox-7.1.0.tgz",
      "integrity": "sha512-PdWPz9tW86PD78vSZj2fiRaB8JhUHy6piSa/QXb83lucxPK+HTAdzlDQMTKj5okRCU8Ox/25IR2ep9T8NdopRA==",
      "dependencies": {
        "@turf/helpers": "^7.1.0",
        "@turf/meta": "^7.1.0",
        "@types/geojson": "^7946.0.10",
        "tslib": "^2.6.2"
      },
      "funding": {
        "url": "https://opencollective.com/turf"
      }
    },
    "node_modules/@turf/boolean-point-in-polygon": {
      "version": "7.1.0",
      "resolved": "https://registry.npmjs.org/@turf/boolean-point-in-polygon/-/boolean-point-in-polygon-7.1.0.tgz",
      "integrity": "sha512-mprVsyIQ+ijWTZwbnO4Jhxu94ZW2M2CheqLiRTsGJy0Ooay9v6Av5/Nl3/Gst7ZVXxPqMeMaFYkSzcTc87AKew==",
      "dependencies": {
        "@turf/helpers": "^7.1.0",
        "@turf/invariant": "^7.1.0",
        "@types/geojson": "^7946.0.10",
        "point-in-polygon-hao": "^1.1.0",
        "tslib": "^2.6.2"
      },
      "funding": {
        "url": "https://opencollective.com/turf"
      }
    },
    "node_modules/@turf/buffer": {
      "version": "7.1.0",
      "resolved": "https://registry.npmjs.org/@turf/buffer/-/buffer-7.1.0.tgz",
      "integrity": "sha512-QM3JiCMYA19k5ouO8wJtvICX3Y8XntxVpDfHSKhFFidZcCkMTR2PWWOpwS6EoL3t75rSKw/FOLIPLZGtIu963w==",
      "dependencies": {
        "@turf/bbox": "^7.1.0",
        "@turf/center": "^7.1.0",
        "@turf/helpers": "^7.1.0",
        "@turf/jsts": "^2.7.1",
        "@turf/meta": "^7.1.0",
        "@turf/projection": "^7.1.0",
        "@types/geojson": "^7946.0.10",
        "d3-geo": "1.7.1"
      },
      "funding": {
        "url": "https://opencollective.com/turf"
      }
    },
    "node_modules/@turf/center": {
      "version": "7.1.0",
      "resolved": "https://registry.npmjs.org/@turf/center/-/center-7.1.0.tgz",
      "integrity": "sha512-p9AvBMwNZmRg65kU27cGKHAUQnEcdz8Y7f/i5DvaMfm4e8zmawr+hzPKXaUpUfiTyLs8Xt2W9vlOmNGyH+6X3w==",
      "dependencies": {
        "@turf/bbox": "^7.1.0",
        "@turf/helpers": "^7.1.0",
        "@types/geojson": "^7946.0.10",
        "tslib": "^2.6.2"
      },
      "funding": {
        "url": "https://opencollective.com/turf"
      }
    },
    "node_modules/@turf/clone": {
      "version": "7.1.0",
      "resolved": "https://registry.npmjs.org/@turf/clone/-/clone-7.1.0.tgz",
      "integrity": "sha512-5R9qeWvL7FDdBIbEemd0eCzOStr09oburDvJ1hRiPCFX6rPgzcZBQ0gDmZzoF4AFcNLb5IwknbLZjVLaUGWtFA==",
      "dependencies": {
        "@turf/helpers": "^7.1.0",
        "@types/geojson": "^7946.0.10",
        "tslib": "^2.6.2"
      },
      "funding": {
        "url": "https://opencollective.com/turf"
      }
    },
    "node_modules/@turf/difference": {
      "version": "7.1.0",
      "resolved": "https://registry.npmjs.org/@turf/difference/-/difference-7.1.0.tgz",
      "integrity": "sha512-+JVzdskICQ8ULKQ9CpWUM5kBvoXxN4CO78Ez/Ki3/7NXl7+HM/nb12B0OyM8hkJchpb8TsOi0YwyJiKMqEpTBA==",
      "dependencies": {
        "@turf/helpers": "^7.1.0",
        "@turf/meta": "^7.1.0",
        "@types/geojson": "^7946.0.10",
        "polygon-clipping": "^0.15.3",
        "tslib": "^2.6.2"
      },
      "funding": {
        "url": "https://opencollective.com/turf"
      }
    },
    "node_modules/@turf/helpers": {
      "version": "7.1.0",
      "resolved": "https://registry.npmjs.org/@turf/helpers/-/helpers-7.1.0.tgz",
      "integrity": "sha512-dTeILEUVeNbaEeoZUOhxH5auv7WWlOShbx7QSd4s0T4Z0/iz90z9yaVCtZOLbU89umKotwKaJQltBNO9CzVgaQ==",
      "dependencies": {
        "@types/geojson": "^7946.0.10",
        "tslib": "^2.6.2"
      },
      "funding": {
        "url": "https://opencollective.com/turf"
      }
    },
    "node_modules/@turf/intersect": {
      "version": "7.1.0",
      "resolved": "https://registry.npmjs.org/@turf/intersect/-/intersect-7.1.0.tgz",
      "integrity": "sha512-T0VhI6yhptX9EoMsuuBETyqV+edyq31SUC8bfuM6kdJ5WwJ0EvUfQoC+3bhMtCOn60lHawrUuGBgW+vCO8KGMg==",
      "dependencies": {
        "@turf/helpers": "^7.1.0",
        "@turf/meta": "^7.1.0",
        "@types/geojson": "^7946.0.10",
        "polygon-clipping": "^0.15.3",
        "tslib": "^2.6.2"
      },
      "funding": {
        "url": "https://opencollective.com/turf"
      }
    },
    "node_modules/@turf/invariant": {
      "version": "7.1.0",
      "resolved": "https://registry.npmjs.org/@turf/invariant/-/invariant-7.1.0.tgz",
      "integrity": "sha512-OCLNqkItBYIP1nE9lJGuIUatWGtQ4rhBKAyTfFu0z8npVzGEYzvguEeof8/6LkKmTTEHW53tCjoEhSSzdRh08Q==",
      "dependencies": {
        "@turf/helpers": "^7.1.0",
        "@types/geojson": "^7946.0.10",
        "tslib": "^2.6.2"
      },
      "funding": {
        "url": "https://opencollective.com/turf"
      }
    },
    "node_modules/@turf/jsts": {
      "version": "2.7.1",
      "resolved": "https://registry.npmjs.org/@turf/jsts/-/jsts-2.7.1.tgz",
      "integrity": "sha512-+nwOKme/aUprsxnLSfr2LylV6eL6T1Tuln+4Hl92uwZ8FrmjDRCH5Bi1LJNVfWCiYgk8+5K+t2zDphWNTsIFDA==",
      "dependencies": {
        "jsts": "2.7.1"
      }
    },
    "node_modules/@turf/meta": {
      "version": "7.1.0",
      "resolved": "https://registry.npmjs.org/@turf/meta/-/meta-7.1.0.tgz",
      "integrity": "sha512-ZgGpWWiKz797Fe8lfRj7HKCkGR+nSJ/5aKXMyofCvLSc2PuYJs/qyyifDPWjASQQCzseJ7AlF2Pc/XQ/3XkkuA==",
      "dependencies": {
        "@turf/helpers": "^7.1.0",
        "@types/geojson": "^7946.0.10"
      },
      "funding": {
        "url": "https://opencollective.com/turf"
      }
    },
    "node_modules/@turf/points-within-polygon": {
      "version": "7.1.0",
      "resolved": "https://registry.npmjs.org/@turf/points-within-polygon/-/points-within-polygon-7.1.0.tgz",
      "integrity": "sha512-SzqeD9Gcp11rEya+rCVMy6IPuYMrphNEkCiQ39W6ec9hsaqKlruqmtudKhhckMGVLVUUBCQAu5f55yjcDfVW2w==",
      "dependencies": {
        "@turf/boolean-point-in-polygon": "^7.1.0",
        "@turf/helpers": "^7.1.0",
        "@turf/meta": "^7.1.0",
        "@types/geojson": "^7946.0.10",
        "tslib": "^2.6.2"
      },
      "funding": {
        "url": "https://opencollective.com/turf"
      }
    },
    "node_modules/@turf/projection": {
      "version": "7.1.0",
      "resolved": "https://registry.npmjs.org/@turf/projection/-/projection-7.1.0.tgz",
      "integrity": "sha512-3wHluMoOvXnTe7dfi0kcluTyLNG5MwGsSsK5OA98vkkLH6a1xvItn8e9GcesuT07oB2km/bgefxYEIvjQG5JCA==",
      "dependencies": {
        "@turf/clone": "^7.1.0",
        "@turf/helpers": "^7.1.0",
        "@turf/meta": "^7.1.0",
        "@types/geojson": "^7946.0.10",
        "tslib": "^2.6.2"
      },
      "funding": {
        "url": "https://opencollective.com/turf"
      }
    },
    "node_modules/@types/geojson": {
      "version": "7946.0.14",
      "resolved": "https://registry.npmjs.org/@types/geojson/-/geojson-7946.0.14.tgz",
      "integrity": "sha512-WCfD5Ht3ZesJUsONdhvm84dmzWOiOzOAqOncN0++w0lBw1o8OuDNJF2McvvCef/yBqb/HYRahp1BYtODFQ8bRg=="
    },
    "node_modules/d3-array": {
      "version": "1.2.4",
      "resolved": "https://registry.npmjs.org/d3-array/-/d3-array-1.2.4.tgz",
      "integrity": "sha512-KHW6M86R+FUPYGb3R5XiYjXPq7VzwxZ22buHhAEVG5ztoEcZZMLov530mmccaqA1GghZArjQV46fuc8kUqhhHw=="
    },
    "node_modules/d3-geo": {
      "version": "1.7.1",
      "resolved": "https://registry.npmjs.org/d3-geo/-/d3-geo-1.7.1.tgz",
      "integrity": "sha512-O4AempWAr+P5qbk2bC2FuN/sDW4z+dN2wDf9QV3bxQt4M5HfOEeXLgJ/UKQW0+o1Dj8BE+L5kiDbdWUMjsmQpw==",
      "dependencies": {
        "d3-array": "1"
      }
    },
    "node_modules/jsts": {
      "version": "2.7.1",
      "resolved": "https://registry.npmjs.org/jsts/-/jsts-2.7.1.tgz",
      "integrity": "sha512-x2wSZHEBK20CY+Wy+BPE7MrFQHW6sIsdaGUMEqmGAio+3gFzQaBYPwLRonUfQf9Ak8pBieqj9tUofX1+WtAEIg==",
      "engines": {
        "node": ">= 12"
      }
    },
    "node_modules/point-in-polygon-hao": {
      "version": "1.1.0",
      "resolved": "https://registry.npmjs.org/point-in-polygon-hao/-/point-in-polygon-hao-1.1.0.tgz",
      "integrity": "sha512-3hTIM2j/v9Lio+wOyur3kckD4NxruZhpowUbEgmyikW+a2Kppjtu1eN+AhnMQtoHW46zld88JiYWv6fxpsDrTQ=="
    },
    "node_modules/polygon-clipping": {
      "version": "0.15.7",
      "resolved": "https://registry.npmjs.org/polygon-clipping/-/polygon-clipping-0.15.7.tgz",
      "integrity": "sha512-nhfdr83ECBg6xtqOAJab1tbksbBAOMUltN60bU+llHVOL0e5Onm1WpAXXWXVB39L8AJFssoIhEVuy/S90MmotA==",
      "dependencies": {
        "robust-predicates": "^3.0.2",
        "splaytree": "^3.1.0"
      }
    },
    "node_modules/robust-predicates": {
      "version": "3.0.2",
      "resolved": "https://registry.npmjs.org/robust-predicates/-/robust-predicates-3.0.2.tgz",
      "integrity": "sha512-IXgzBWvWQwE6PrDI05OvmXUIruQTcoMDzRsOd5CDvHCVLcLHMTSYvOK5Cm46kWqlV3yAbuSpBZdJ5oP5OUoStg=="
    },
    "node_modules/splaytree": {
      "version": "3.1.2",
      "resolved": "https://registry.npmjs.org/splaytree/-/splaytree-3.1.2.tgz",
      "integrity": "sha512-4OM2BJgC5UzrhVnnJA4BkHKGtjXNzzUfpQjCO8I05xYPsfS/VuQDwjCGGMi8rYQilHEV4j8NBqTFbls/PZEE7A=="
    },
    "node_modules/tslib": {
      "version": "2.7.0",
      "resolved": "https://registry.npmjs.org/tslib/-/tslib-2.7.0.tgz",
      "integrity": "sha512-gLXCKdN1/j47AiHiOkJN69hJmcbGTHI0ImLmbYLHykhgeN0jVGola9yVjFgzCUklsZQMW55o+dW7IXv3RCXDzA=="
    }
  }
}
