{
    "name": "vpi-dashboard",
    "version": "1.0.0",
    "lockfileVersion": 3,
    "requires": true,
    "packages": {
        "": {
            "name": "vpi-dashboard",
            "version": "1.0.0",
            "license": "MIT",
            "dependencies": {
                "vue-slider-component": "^4.1.0-beta.7"
            }
        },
        "node_modules/vue-slider-component": {
            "version": "4.1.0-beta.7",
            "resolved": "https://registry.npmjs.org/vue-slider-component/-/vue-slider-component-4.1.0-beta.7.tgz",
            "integrity": "sha512-Qb7K920ZG7PoQswoF6Ias+i3W2rd3k4fpk04JUl82kEUcN86Yg6et7bVSKWt/7VpQe8a5IT3BqCKSCOZ7AJgCA=="
        }
    }
}
