{
  "name": "oblique-viewer",
  "version": "2.0.0",
  "lockfileVersion": 2,
  "requires": true,
  "packages": {
    "": {
      "name": "oblique-viewer",
      "version": "2.0.0",
      "license": "MIT",
      "dependencies": {
        "iframe-resizer": "^4.3.7"
      }
    },
    "node_modules/iframe-resizer": {
      "version": "4.3.7",
      "resolved": "https://registry.npmjs.org/iframe-resizer/-/iframe-resizer-4.3.7.tgz",
      "integrity": "sha512-a3EGVScU9NtUpj6lWvGhVw3EfOw5AopRs5xGsQU385kWdgQt++OsD6PCnTV+8YkgBu/g28rLIh0EztFg9UQr1Q==",
      "engines": {
        "node": ">=0.8.0"
      },
      "funding": {
        "type": "individual",
        "url": "https://github.com/davidjbradshaw/iframe-resizer/blob/master/FUNDING.md"
      }
    }
  },
  "dependencies": {
    "iframe-resizer": {
      "version": "4.3.7",
      "resolved": "https://registry.npmjs.org/iframe-resizer/-/iframe-resizer-4.3.7.tgz",
      "integrity": "sha512-a3EGVScU9NtUpj6lWvGhVw3EfOw5AopRs5xGsQU385kWdgQt++OsD6PCnTV+8YkgBu/g28rLIh0EztFg9UQr1Q=="
    }
  }
}
